
Microsoft Visual Studio Solution File, Format Version 12.00
# Visual Studio 15
VisualStudioVersion = 15.0.27703.2035
MinimumVisualStudioVersion = 10.0.40219.1
Project("{2150E333-8FDC-42A3-9474-1A3956D46DE8}") = "1. Distributed Services", "1. Distributed Services", "{0E6AD0FC-2002-4BD3-8494-610B204FEAA0}"
EndProject
Project("{2150E333-8FDC-42A3-9474-1A3956D46DE8}") = "2. Application", "2. Application", "{FF70DDCB-536C-4C50-8341-2EDF6CE18655}"
EndProject
Project("{2150E333-8FDC-42A3-9474-1A3956D46DE8}") = "3. Domain", "3. Domain", "{30ECC854-652C-4017-9E6C-607D4D66C5FE}"
EndProject
Project("{2150E333-8FDC-42A3-9474-1A3956D46DE8}") = "4. Infrastructure", "4. Infrastructure", "{51036BEE-65FF-41D1-B1D0-17E3A6923454}"
EndProject
Project("{2150E333-8FDC-42A3-9474-1A3956D46DE8}") = "Tests", "Tests", "{77A600C6-44A6-4A53-99E5-42D11DAF5A25}"
EndProject
Project("{FAE04EC0-301F-11D3-BF4B-00C04F79EFBC}") = "Projeto_Nfe.API", "Projeto_Nfe.API\Projeto_Nfe.API.csproj", "{E73437C9-9D3B-4D74-9796-B4B9AD74B58B}"
EndProject
Project("{FAE04EC0-301F-11D3-BF4B-00C04F79EFBC}") = "Projeto_NFe.Applications", "Projeto_NFe.Applications\Projeto_NFe.Applications.csproj", "{E4EC3FF1-5591-43A2-B9A3-E46E117491ED}"
EndProject
Project("{FAE04EC0-301F-11D3-BF4B-00C04F79EFBC}") = "Projeto_NFe.Domain", "Projeto_NFe.Domain\Projeto_NFe.Domain.csproj", "{32A00BEF-B8E9-4704-9571-07AC2A9A64E6}"
EndProject
Project("{FAE04EC0-301F-11D3-BF4B-00C04F79EFBC}") = "Projeto_NFe.Infra", "Projeto_NFe.Infra\Projeto_NFe.Infra.csproj", "{D734CFB4-AB8D-402D-8AD0-0C7C4A190CCC}"
EndProject
Project("{FAE04EC0-301F-11D3-BF4B-00C04F79EFBC}") = "Projeto_Nfe.Infra.ORM", "Projeto_Nfe.Infra.ORM\Projeto_Nfe.Infra.ORM.csproj", "{AC7C95AE-1D4E-4116-ABB8-2E926C2A6F3A}"
EndProject
Project("{FAE04EC0-301F-11D3-BF4B-00C04F79EFBC}") = "Projeto_NFe.Application.Tests", "Projeto_NFe.Application.Tests\Projeto_NFe.Application.Tests.csproj", "{CFFD6231-762B-4175-A3E4-5B098341CEF7}"
EndProject
Project("{FAE04EC0-301F-11D3-BF4B-00C04F79EFBC}") = "Projeto_NFe.Common.Tests", "Projeto_NFe.Common.Tests\Projeto_NFe.Common.Tests.csproj", "{AD683888-2CF8-4E91-B55C-B554AC279956}"
EndProject
Project("{FAE04EC0-301F-11D3-BF4B-00C04F79EFBC}") = "Projeto_NFe.Domain.Tests", "Projeto_NFe.Domain.Tests\Projeto_NFe.Domain.Tests.csproj", "{FEA759AE-B1A4-4A51-9FE8-D4F23F2A30C9}"
EndProject
Project("{FAE04EC0-301F-11D3-BF4B-00C04F79EFBC}") = "Projeto_NFe.Infra.ORM.Tests", "Projeto_NFe.Infra.ORM.Tests\Projeto_NFe.Infra.ORM.Tests.csproj", "{B939871E-8E6F-4960-A15A-F9DD99E7BEB6}"
EndProject
Project("{FAE04EC0-301F-11D3-BF4B-00C04F79EFBC}") = "Projeto_NFe.Controller.Tests", "Projeto_NFe.Controller.Tests\Projeto_NFe.Controller.Tests.csproj", "{6900453B-4E76-4A15-8271-CE620CAD3466}"
EndProject
Global
	GlobalSection(SolutionConfigurationPlatforms) = preSolution
		Debug|Any CPU = Debug|Any CPU
		Debug|ARM = Debug|ARM
		Debug|x64 = Debug|x64
		Debug|x86 = Debug|x86
		Release|Any CPU = Release|Any CPU
		Release|ARM = Release|ARM
		Release|x64 = Release|x64
		Release|x86 = Release|x86
	EndGlobalSection
	GlobalSection(ProjectConfigurationPlatforms) = postSolution
		{E73437C9-9D3B-4D74-9796-B4B9AD74B58B}.Debug|Any CPU.ActiveCfg = Debug|Any CPU
		{E73437C9-9D3B-4D74-9796-B4B9AD74B58B}.Debug|Any CPU.Build.0 = Debug|Any CPU
		{E73437C9-9D3B-4D74-9796-B4B9AD74B58B}.Debug|ARM.ActiveCfg = Debug|Any CPU
		{E73437C9-9D3B-4D74-9796-B4B9AD74B58B}.Debug|ARM.Build.0 = Debug|Any CPU
		{E73437C9-9D3B-4D74-9796-B4B9AD74B58B}.Debug|x64.ActiveCfg = Debug|Any CPU
		{E73437C9-9D3B-4D74-9796-B4B9AD74B58B}.Debug|x64.Build.0 = Debug|Any CPU
		{E73437C9-9D3B-4D74-9796-B4B9AD74B58B}.Debug|x86.ActiveCfg = Debug|Any CPU
		{E73437C9-9D3B-4D74-9796-B4B9AD74B58B}.Debug|x86.Build.0 = Debug|Any CPU
		{E73437C9-9D3B-4D74-9796-B4B9AD74B58B}.Release|Any CPU.ActiveCfg = Release|Any CPU
		{E73437C9-9D3B-4D74-9796-B4B9AD74B58B}.Release|Any CPU.Build.0 = Release|Any CPU
		{E73437C9-9D3B-4D74-9796-B4B9AD74B58B}.Release|ARM.ActiveCfg = Release|Any CPU
		{E73437C9-9D3B-4D74-9796-B4B9AD74B58B}.Release|ARM.Build.0 = Release|Any CPU
		{E73437C9-9D3B-4D74-9796-B4B9AD74B58B}.Release|x64.ActiveCfg = Release|Any CPU
		{E73437C9-9D3B-4D74-9796-B4B9AD74B58B}.Release|x64.Build.0 = Release|Any CPU
		{E73437C9-9D3B-4D74-9796-B4B9AD74B58B}.Release|x86.ActiveCfg = Release|Any CPU
		{E73437C9-9D3B-4D74-9796-B4B9AD74B58B}.Release|x86.Build.0 = Release|Any CPU
		{E4EC3FF1-5591-43A2-B9A3-E46E117491ED}.Debug|Any CPU.ActiveCfg = Debug|Any CPU
		{E4EC3FF1-5591-43A2-B9A3-E46E117491ED}.Debug|Any CPU.Build.0 = Debug|Any CPU
		{E4EC3FF1-5591-43A2-B9A3-E46E117491ED}.Debug|ARM.ActiveCfg = Debug|Any CPU
		{E4EC3FF1-5591-43A2-B9A3-E46E117491ED}.Debug|ARM.Build.0 = Debug|Any CPU
		{E4EC3FF1-5591-43A2-B9A3-E46E117491ED}.Debug|x64.ActiveCfg = Debug|Any CPU
		{E4EC3FF1-5591-43A2-B9A3-E46E117491ED}.Debug|x64.Build.0 = Debug|Any CPU
		{E4EC3FF1-5591-43A2-B9A3-E46E117491ED}.Debug|x86.ActiveCfg = Debug|Any CPU
		{E4EC3FF1-5591-43A2-B9A3-E46E117491ED}.Debug|x86.Build.0 = Debug|Any CPU
		{E4EC3FF1-5591-43A2-B9A3-E46E117491ED}.Release|Any CPU.ActiveCfg = Release|Any CPU
		{E4EC3FF1-5591-43A2-B9A3-E46E117491ED}.Release|Any CPU.Build.0 = Release|Any CPU
		{E4EC3FF1-5591-43A2-B9A3-E46E117491ED}.Release|ARM.ActiveCfg = Release|Any CPU
		{E4EC3FF1-5591-43A2-B9A3-E46E117491ED}.Release|ARM.Build.0 = Release|Any CPU
		{E4EC3FF1-5591-43A2-B9A3-E46E117491ED}.Release|x64.ActiveCfg = Release|Any CPU
		{E4EC3FF1-5591-43A2-B9A3-E46E117491ED}.Release|x64.Build.0 = Release|Any CPU
		{E4EC3FF1-5591-43A2-B9A3-E46E117491ED}.Release|x86.ActiveCfg = Release|Any CPU
		{E4EC3FF1-5591-43A2-B9A3-E46E117491ED}.Release|x86.Build.0 = Release|Any CPU
		{32A00BEF-B8E9-4704-9571-07AC2A9A64E6}.Debug|Any CPU.ActiveCfg = Debug|Any CPU
		{32A00BEF-B8E9-4704-9571-07AC2A9A64E6}.Debug|Any CPU.Build.0 = Debug|Any CPU
		{32A00BEF-B8E9-4704-9571-07AC2A9A64E6}.Debug|ARM.ActiveCfg = Debug|Any CPU
		{32A00BEF-B8E9-4704-9571-07AC2A9A64E6}.Debug|ARM.Build.0 = Debug|Any CPU
		{32A00BEF-B8E9-4704-9571-07AC2A9A64E6}.Debug|x64.ActiveCfg = Debug|Any CPU
		{32A00BEF-B8E9-4704-9571-07AC2A9A64E6}.Debug|x64.Build.0 = Debug|Any CPU
		{32A00BEF-B8E9-4704-9571-07AC2A9A64E6}.Debug|x86.ActiveCfg = Debug|Any CPU
		{32A00BEF-B8E9-4704-9571-07AC2A9A64E6}.Debug|x86.Build.0 = Debug|Any CPU
		{32A00BEF-B8E9-4704-9571-07AC2A9A64E6}.Release|Any CPU.ActiveCfg = Release|Any CPU
		{32A00BEF-B8E9-4704-9571-07AC2A9A64E6}.Release|Any CPU.Build.0 = Release|Any CPU
		{32A00BEF-B8E9-4704-9571-07AC2A9A64E6}.Release|ARM.ActiveCfg = Release|Any CPU
		{32A00BEF-B8E9-4704-9571-07AC2A9A64E6}.Release|ARM.Build.0 = Release|Any CPU
		{32A00BEF-B8E9-4704-9571-07AC2A9A64E6}.Release|x64.ActiveCfg = Release|Any CPU
		{32A00BEF-B8E9-4704-9571-07AC2A9A64E6}.Release|x64.Build.0 = Release|Any CPU
		{32A00BEF-B8E9-4704-9571-07AC2A9A64E6}.Release|x86.ActiveCfg = Release|Any CPU
		{32A00BEF-B8E9-4704-9571-07AC2A9A64E6}.Release|x86.Build.0 = Release|Any CPU
		{D734CFB4-AB8D-402D-8AD0-0C7C4A190CCC}.Debug|Any CPU.ActiveCfg = Debug|Any CPU
		{D734CFB4-AB8D-402D-8AD0-0C7C4A190CCC}.Debug|Any CPU.Build.0 = Debug|Any CPU
		{D734CFB4-AB8D-402D-8AD0-0C7C4A190CCC}.Debug|ARM.ActiveCfg = Debug|Any CPU
		{D734CFB4-AB8D-402D-8AD0-0C7C4A190CCC}.Debug|ARM.Build.0 = Debug|Any CPU
		{D734CFB4-AB8D-402D-8AD0-0C7C4A190CCC}.Debug|x64.ActiveCfg = Debug|Any CPU
		{D734CFB4-AB8D-402D-8AD0-0C7C4A190CCC}.Debug|x64.Build.0 = Debug|Any CPU
		{D734CFB4-AB8D-402D-8AD0-0C7C4A190CCC}.Debug|x86.ActiveCfg = Debug|Any CPU
		{D734CFB4-AB8D-402D-8AD0-0C7C4A190CCC}.Debug|x86.Build.0 = Debug|Any CPU
		{D734CFB4-AB8D-402D-8AD0-0C7C4A190CCC}.Release|Any CPU.ActiveCfg = Release|Any CPU
		{D734CFB4-AB8D-402D-8AD0-0C7C4A190CCC}.Release|Any CPU.Build.0 = Release|Any CPU
		{D734CFB4-AB8D-402D-8AD0-0C7C4A190CCC}.Release|ARM.ActiveCfg = Release|Any CPU
		{D734CFB4-AB8D-402D-8AD0-0C7C4A190CCC}.Release|ARM.Build.0 = Release|Any CPU
		{D734CFB4-AB8D-402D-8AD0-0C7C4A190CCC}.Release|x64.ActiveCfg = Release|Any CPU
		{D734CFB4-AB8D-402D-8AD0-0C7C4A190CCC}.Release|x64.Build.0 = Release|Any CPU
		{D734CFB4-AB8D-402D-8AD0-0C7C4A190CCC}.Release|x86.ActiveCfg = Release|Any CPU
		{D734CFB4-AB8D-402D-8AD0-0C7C4A190CCC}.Release|x86.Build.0 = Release|Any CPU
		{AC7C95AE-1D4E-4116-ABB8-2E926C2A6F3A}.Debug|Any CPU.ActiveCfg = Debug|Any CPU
		{AC7C95AE-1D4E-4116-ABB8-2E926C2A6F3A}.Debug|Any CPU.Build.0 = Debug|Any CPU
		{AC7C95AE-1D4E-4116-ABB8-2E926C2A6F3A}.Debug|ARM.ActiveCfg = Debug|Any CPU
		{AC7C95AE-1D4E-4116-ABB8-2E926C2A6F3A}.Debug|ARM.Build.0 = Debug|Any CPU
		{AC7C95AE-1D4E-4116-ABB8-2E926C2A6F3A}.Debug|x64.ActiveCfg = Debug|Any CPU
		{AC7C95AE-1D4E-4116-ABB8-2E926C2A6F3A}.Debug|x64.Build.0 = Debug|Any CPU
		{AC7C95AE-1D4E-4116-ABB8-2E926C2A6F3A}.Debug|x86.ActiveCfg = Debug|Any CPU
		{AC7C95AE-1D4E-4116-ABB8-2E926C2A6F3A}.Debug|x86.Build.0 = Debug|Any CPU
		{AC7C95AE-1D4E-4116-ABB8-2E926C2A6F3A}.Release|Any CPU.ActiveCfg = Release|Any CPU
		{AC7C95AE-1D4E-4116-ABB8-2E926C2A6F3A}.Release|Any CPU.Build.0 = Release|Any CPU
		{AC7C95AE-1D4E-4116-ABB8-2E926C2A6F3A}.Release|ARM.ActiveCfg = Release|Any CPU
		{AC7C95AE-1D4E-4116-ABB8-2E926C2A6F3A}.Release|ARM.Build.0 = Release|Any CPU
		{AC7C95AE-1D4E-4116-ABB8-2E926C2A6F3A}.Release|x64.ActiveCfg = Release|Any CPU
		{AC7C95AE-1D4E-4116-ABB8-2E926C2A6F3A}.Release|x64.Build.0 = Release|Any CPU
		{AC7C95AE-1D4E-4116-ABB8-2E926C2A6F3A}.Release|x86.ActiveCfg = Release|Any CPU
		{AC7C95AE-1D4E-4116-ABB8-2E926C2A6F3A}.Release|x86.Build.0 = Release|Any CPU
		{CFFD6231-762B-4175-A3E4-5B098341CEF7}.Debug|Any CPU.ActiveCfg = Debug|Any CPU
		{CFFD6231-762B-4175-A3E4-5B098341CEF7}.Debug|Any CPU.Build.0 = Debug|Any CPU
		{CFFD6231-762B-4175-A3E4-5B098341CEF7}.Debug|ARM.ActiveCfg = Debug|Any CPU
		{CFFD6231-762B-4175-A3E4-5B098341CEF7}.Debug|ARM.Build.0 = Debug|Any CPU
		{CFFD6231-762B-4175-A3E4-5B098341CEF7}.Debug|x64.ActiveCfg = Debug|Any CPU
		{CFFD6231-762B-4175-A3E4-5B098341CEF7}.Debug|x64.Build.0 = Debug|Any CPU
		{CFFD6231-762B-4175-A3E4-5B098341CEF7}.Debug|x86.ActiveCfg = Debug|Any CPU
		{CFFD6231-762B-4175-A3E4-5B098341CEF7}.Debug|x86.Build.0 = Debug|Any CPU
		{CFFD6231-762B-4175-A3E4-5B098341CEF7}.Release|Any CPU.ActiveCfg = Release|Any CPU
		{CFFD6231-762B-4175-A3E4-5B098341CEF7}.Release|Any CPU.Build.0 = Release|Any CPU
		{CFFD6231-762B-4175-A3E4-5B098341CEF7}.Release|ARM.ActiveCfg = Release|Any CPU
		{CFFD6231-762B-4175-A3E4-5B098341CEF7}.Release|ARM.Build.0 = Release|Any CPU
		{CFFD6231-762B-4175-A3E4-5B098341CEF7}.Release|x64.ActiveCfg = Release|Any CPU
		{CFFD6231-762B-4175-A3E4-5B098341CEF7}.Release|x64.Build.0 = Release|Any CPU
		{CFFD6231-762B-4175-A3E4-5B098341CEF7}.Release|x86.ActiveCfg = Release|Any CPU
		{CFFD6231-762B-4175-A3E4-5B098341CEF7}.Release|x86.Build.0 = Release|Any CPU
		{AD683888-2CF8-4E91-B55C-B554AC279956}.Debug|Any CPU.ActiveCfg = Debug|Any CPU
		{AD683888-2CF8-4E91-B55C-B554AC279956}.Debug|Any CPU.Build.0 = Debug|Any CPU
		{AD683888-2CF8-4E91-B55C-B554AC279956}.Debug|ARM.ActiveCfg = Debug|Any CPU
		{AD683888-2CF8-4E91-B55C-B554AC279956}.Debug|ARM.Build.0 = Debug|Any CPU
		{AD683888-2CF8-4E91-B55C-B554AC279956}.Debug|x64.ActiveCfg = Debug|Any CPU
		{AD683888-2CF8-4E91-B55C-B554AC279956}.Debug|x64.Build.0 = Debug|Any CPU
		{AD683888-2CF8-4E91-B55C-B554AC279956}.Debug|x86.ActiveCfg = Debug|Any CPU
		{AD683888-2CF8-4E91-B55C-B554AC279956}.Debug|x86.Build.0 = Debug|Any CPU
		{AD683888-2CF8-4E91-B55C-B554AC279956}.Release|Any CPU.ActiveCfg = Release|Any CPU
		{AD683888-2CF8-4E91-B55C-B554AC279956}.Release|Any CPU.Build.0 = Release|Any CPU
		{AD683888-2CF8-4E91-B55C-B554AC279956}.Release|ARM.ActiveCfg = Release|Any CPU
		{AD683888-2CF8-4E91-B55C-B554AC279956}.Release|ARM.Build.0 = Release|Any CPU
		{AD683888-2CF8-4E91-B55C-B554AC279956}.Release|x64.ActiveCfg = Release|Any CPU
		{AD683888-2CF8-4E91-B55C-B554AC279956}.Release|x64.Build.0 = Release|Any CPU
		{AD683888-2CF8-4E91-B55C-B554AC279956}.Release|x86.ActiveCfg = Release|Any CPU
		{AD683888-2CF8-4E91-B55C-B554AC279956}.Release|x86.Build.0 = Release|Any CPU
		{FEA759AE-B1A4-4A51-9FE8-D4F23F2A30C9}.Debug|Any CPU.ActiveCfg = Debug|Any CPU
		{FEA759AE-B1A4-4A51-9FE8-D4F23F2A30C9}.Debug|Any CPU.Build.0 = Debug|Any CPU
		{FEA759AE-B1A4-4A51-9FE8-D4F23F2A30C9}.Debug|ARM.ActiveCfg = Debug|Any CPU
		{FEA759AE-B1A4-4A51-9FE8-D4F23F2A30C9}.Debug|ARM.Build.0 = Debug|Any CPU
		{FEA759AE-B1A4-4A51-9FE8-D4F23F2A30C9}.Debug|x64.ActiveCfg = Debug|Any CPU
		{FEA759AE-B1A4-4A51-9FE8-D4F23F2A30C9}.Debug|x64.Build.0 = Debug|Any CPU
		{FEA759AE-B1A4-4A51-9FE8-D4F23F2A30C9}.Debug|x86.ActiveCfg = Debug|Any CPU
		{FEA759AE-B1A4-4A51-9FE8-D4F23F2A30C9}.Debug|x86.Build.0 = Debug|Any CPU
		{FEA759AE-B1A4-4A51-9FE8-D4F23F2A30C9}.Release|Any CPU.ActiveCfg = Release|Any CPU
		{FEA759AE-B1A4-4A51-9FE8-D4F23F2A30C9}.Release|Any CPU.Build.0 = Release|Any CPU
		{FEA759AE-B1A4-4A51-9FE8-D4F23F2A30C9}.Release|ARM.ActiveCfg = Release|Any CPU
		{FEA759AE-B1A4-4A51-9FE8-D4F23F2A30C9}.Release|ARM.Build.0 = Release|Any CPU
		{FEA759AE-B1A4-4A51-9FE8-D4F23F2A30C9}.Release|x64.ActiveCfg = Release|Any CPU
		{FEA759AE-B1A4-4A51-9FE8-D4F23F2A30C9}.Release|x64.Build.0 = Release|Any CPU
		{FEA759AE-B1A4-4A51-9FE8-D4F23F2A30C9}.Release|x86.ActiveCfg = Release|Any CPU
		{FEA759AE-B1A4-4A51-9FE8-D4F23F2A30C9}.Release|x86.Build.0 = Release|Any CPU
		{B939871E-8E6F-4960-A15A-F9DD99E7BEB6}.Debug|Any CPU.ActiveCfg = Debug|Any CPU
		{B939871E-8E6F-4960-A15A-F9DD99E7BEB6}.Debug|Any CPU.Build.0 = Debug|Any CPU
		{B939871E-8E6F-4960-A15A-F9DD99E7BEB6}.Debug|ARM.ActiveCfg = Debug|Any CPU
		{B939871E-8E6F-4960-A15A-F9DD99E7BEB6}.Debug|ARM.Build.0 = Debug|Any CPU
		{B939871E-8E6F-4960-A15A-F9DD99E7BEB6}.Debug|x64.ActiveCfg = Debug|Any CPU
		{B939871E-8E6F-4960-A15A-F9DD99E7BEB6}.Debug|x64.Build.0 = Debug|Any CPU
		{B939871E-8E6F-4960-A15A-F9DD99E7BEB6}.Debug|x86.ActiveCfg = Debug|Any CPU
		{B939871E-8E6F-4960-A15A-F9DD99E7BEB6}.Debug|x86.Build.0 = Debug|Any CPU
		{B939871E-8E6F-4960-A15A-F9DD99E7BEB6}.Release|Any CPU.ActiveCfg = Release|Any CPU
		{B939871E-8E6F-4960-A15A-F9DD99E7BEB6}.Release|Any CPU.Build.0 = Release|Any CPU
		{B939871E-8E6F-4960-A15A-F9DD99E7BEB6}.Release|ARM.ActiveCfg = Release|Any CPU
		{B939871E-8E6F-4960-A15A-F9DD99E7BEB6}.Release|ARM.Build.0 = Release|Any CPU
		{B939871E-8E6F-4960-A15A-F9DD99E7BEB6}.Release|x64.ActiveCfg = Release|Any CPU
		{B939871E-8E6F-4960-A15A-F9DD99E7BEB6}.Release|x64.Build.0 = Release|Any CPU
		{B939871E-8E6F-4960-A15A-F9DD99E7BEB6}.Release|x86.ActiveCfg = Release|Any CPU
		{B939871E-8E6F-4960-A15A-F9DD99E7BEB6}.Release|x86.Build.0 = Release|Any CPU
		{6900453B-4E76-4A15-8271-CE620CAD3466}.Debug|Any CPU.ActiveCfg = Debug|Any CPU
		{6900453B-4E76-4A15-8271-CE620CAD3466}.Debug|Any CPU.Build.0 = Debug|Any CPU
		{6900453B-4E76-4A15-8271-CE620CAD3466}.Debug|ARM.ActiveCfg = Debug|Any CPU
		{6900453B-4E76-4A15-8271-CE620CAD3466}.Debug|ARM.Build.0 = Debug|Any CPU
		{6900453B-4E76-4A15-8271-CE620CAD3466}.Debug|x64.ActiveCfg = Debug|Any CPU
		{6900453B-4E76-4A15-8271-CE620CAD3466}.Debug|x64.Build.0 = Debug|Any CPU
		{6900453B-4E76-4A15-8271-CE620CAD3466}.Debug|x86.ActiveCfg = Debug|Any CPU
		{6900453B-4E76-4A15-8271-CE620CAD3466}.Debug|x86.Build.0 = Debug|Any CPU
		{6900453B-4E76-4A15-8271-CE620CAD3466}.Release|Any CPU.ActiveCfg = Release|Any CPU
		{6900453B-4E76-4A15-8271-CE620CAD3466}.Release|Any CPU.Build.0 = Release|Any CPU
		{6900453B-4E76-4A15-8271-CE620CAD3466}.Release|ARM.ActiveCfg = Release|Any CPU
		{6900453B-4E76-4A15-8271-CE620CAD3466}.Release|ARM.Build.0 = Release|Any CPU
		{6900453B-4E76-4A15-8271-CE620CAD3466}.Release|x64.ActiveCfg = Release|Any CPU
		{6900453B-4E76-4A15-8271-CE620CAD3466}.Release|x64.Build.0 = Release|Any CPU
		{6900453B-4E76-4A15-8271-CE620CAD3466}.Release|x86.ActiveCfg = Release|Any CPU
		{6900453B-4E76-4A15-8271-CE620CAD3466}.Release|x86.Build.0 = Release|Any CPU
	EndGlobalSection
	GlobalSection(SolutionProperties) = preSolution
		HideSolutionNode = FALSE
	EndGlobalSection
	GlobalSection(NestedProjects) = preSolution
		{E73437C9-9D3B-4D74-9796-B4B9AD74B58B} = {0E6AD0FC-2002-4BD3-8494-610B204FEAA0}
		{E4EC3FF1-5591-43A2-B9A3-E46E117491ED} = {FF70DDCB-536C-4C50-8341-2EDF6CE18655}
		{32A00BEF-B8E9-4704-9571-07AC2A9A64E6} = {30ECC854-652C-4017-9E6C-607D4D66C5FE}
		{D734CFB4-AB8D-402D-8AD0-0C7C4A190CCC} = {51036BEE-65FF-41D1-B1D0-17E3A6923454}
		{AC7C95AE-1D4E-4116-ABB8-2E926C2A6F3A} = {51036BEE-65FF-41D1-B1D0-17E3A6923454}
		{CFFD6231-762B-4175-A3E4-5B098341CEF7} = {77A600C6-44A6-4A53-99E5-42D11DAF5A25}
		{AD683888-2CF8-4E91-B55C-B554AC279956} = {77A600C6-44A6-4A53-99E5-42D11DAF5A25}
		{FEA759AE-B1A4-4A51-9FE8-D4F23F2A30C9} = {77A600C6-44A6-4A53-99E5-42D11DAF5A25}
		{B939871E-8E6F-4960-A15A-F9DD99E7BEB6} = {77A600C6-44A6-4A53-99E5-42D11DAF5A25}
		{6900453B-4E76-4A15-8271-CE620CAD3466} = {77A600C6-44A6-4A53-99E5-42D11DAF5A25}
	EndGlobalSection
	GlobalSection(ExtensibilityGlobals) = postSolution
		SolutionGuid = {4BE0FEE9-8CE2-406E-A0DF-7559A0402131}
	EndGlobalSection
EndGlobal
